
Microsoft Visual Studio Solution File, Format Version 12.00
# Visual Studio Version 17
VisualStudioVersion = 17.8.34330.188
MinimumVisualStudioVersion = 10.0.40219.1
Project("{9A19103F-16F7-4668-BE54-9A1E7A4F7556}") = "FaceCounter", "FaceCounter\FaceCounter.csproj", "{75DB9AA6-386E-4DA6-A0B0-D48D7D18D9B2}"
EndProject
Project("{FAE04EC0-301F-11D3-BF4B-00C04F79EFBC}") = "FaceCounterTest", "FaceCounterTest\FaceCounterTest.csproj", "{F994DF30-7728-46DE-952B-28217D1EB184}"
EndProject
Global
	GlobalSection(SolutionConfigurationPlatforms) = preSolution
		Debug|Any CPU = Debug|Any CPU
		Release|Any CPU = Release|Any CPU
	EndGlobalSection
	GlobalSection(ProjectConfigurationPlatforms) = postSolution
		{75DB9AA6-386E-4DA6-A0B0-D48D7D18D9B2}.Debug|Any CPU.ActiveCfg = Debug|Any CPU
		{75DB9AA6-386E-4DA6-A0B0-D48D7D18D9B2}.Debug|Any CPU.Build.0 = Debug|Any CPU
		{75DB9AA6-386E-4DA6-A0B0-D48D7D18D9B2}.Release|Any CPU.ActiveCfg = Release|Any CPU
		{75DB9AA6-386E-4DA6-A0B0-D48D7D18D9B2}.Release|Any CPU.Build.0 = Release|Any CPU
		{F994DF30-7728-46DE-952B-28217D1EB184}.Debug|Any CPU.ActiveCfg = Debug|Any CPU
		{F994DF30-7728-46DE-952B-28217D1EB184}.Debug|Any CPU.Build.0 = Debug|Any CPU
		{F994DF30-7728-46DE-952B-28217D1EB184}.Release|Any CPU.ActiveCfg = Release|Any CPU
		{F994DF30-7728-46DE-952B-28217D1EB184}.Release|Any CPU.Build.0 = Release|Any CPU
	EndGlobalSection
	GlobalSection(SolutionProperties) = preSolution
		HideSolutionNode = FALSE
	EndGlobalSection
	GlobalSection(ExtensibilityGlobals) = postSolution
		SolutionGuid = {D6867A69-42C0-4417-BB81-3DA68961A325}
	EndGlobalSection
EndGlobal
